
Microsoft Visual Studio Solution File, Format Version 12.00
# Visual Studio Version 17
VisualStudioVersion = 17.5.33530.505
MinimumVisualStudioVersion = 10.0.40219.1
Project("{9A19103F-16F7-4668-BE54-9A1E7A4F7556}") = "PIC_Controller", "PIC_Controller\PIC_Controller.csproj", "{7DF310CE-4F72-4450-B452-3967467F19B2}"
EndProject
Project("{FAE04EC0-301F-11D3-BF4B-00C04F79EFBC}") = "PIC_Test", "PIC_Test\PIC_Test.csproj", "{8C9AC46F-52B9-4A96-9059-3575F9B6EE11}"
EndProject
Global
	GlobalSection(SolutionConfigurationPlatforms) = preSolution
		Debug|Any CPU = Debug|Any CPU
		Release|Any CPU = Release|Any CPU
	EndGlobalSection
	GlobalSection(ProjectConfigurationPlatforms) = postSolution
		{7DF310CE-4F72-4450-B452-3967467F19B2}.Debug|Any CPU.ActiveCfg = Debug|Any CPU
		{7DF310CE-4F72-4450-B452-3967467F19B2}.Debug|Any CPU.Build.0 = Debug|Any CPU
		{7DF310CE-4F72-4450-B452-3967467F19B2}.Release|Any CPU.ActiveCfg = Release|Any CPU
		{7DF310CE-4F72-4450-B452-3967467F19B2}.Release|Any CPU.Build.0 = Release|Any CPU
		{8C9AC46F-52B9-4A96-9059-3575F9B6EE11}.Debug|Any CPU.ActiveCfg = Debug|Any CPU
		{8C9AC46F-52B9-4A96-9059-3575F9B6EE11}.Debug|Any CPU.Build.0 = Debug|Any CPU
		{8C9AC46F-52B9-4A96-9059-3575F9B6EE11}.Release|Any CPU.ActiveCfg = Release|Any CPU
		{8C9AC46F-52B9-4A96-9059-3575F9B6EE11}.Release|Any CPU.Build.0 = Release|Any CPU
	EndGlobalSection
	GlobalSection(SolutionProperties) = preSolution
		HideSolutionNode = FALSE
	EndGlobalSection
	GlobalSection(ExtensibilityGlobals) = postSolution
		SolutionGuid = {E2F21C41-F409-4949-9ECF-C35BA3604AC7}
	EndGlobalSection
EndGlobal
